
Microsoft Visual Studio Solution File, Format Version 12.00
# Visual Studio Version 16
VisualStudioVersion = 16.0.30907.101
MinimumVisualStudioVersion = 10.0.40219.1
Project("{FAE04EC0-301F-11D3-BF4B-00C04F79EFBC}") = "ShirtAppMVC", "ShirtAppMVC\ShirtAppMVC.csproj", "{0336CF56-8CF7-44A6-BF67-1CC13DC29265}"
EndProject
Global
	GlobalSection(SolutionConfigurationPlatforms) = preSolution
		Debug|Any CPU = Debug|Any CPU
		Release|Any CPU = Release|Any CPU
	EndGlobalSection
	GlobalSection(ProjectConfigurationPlatforms) = postSolution
		{0336CF56-8CF7-44A6-BF67-1CC13DC29265}.Debug|Any CPU.ActiveCfg = Debug|Any CPU
		{0336CF56-8CF7-44A6-BF67-1CC13DC29265}.Debug|Any CPU.Build.0 = Debug|Any CPU
		{0336CF56-8CF7-44A6-BF67-1CC13DC29265}.Release|Any CPU.ActiveCfg = Release|Any CPU
		{0336CF56-8CF7-44A6-BF67-1CC13DC29265}.Release|Any CPU.Build.0 = Release|Any CPU
	EndGlobalSection
	GlobalSection(SolutionProperties) = preSolution
		HideSolutionNode = FALSE
	EndGlobalSection
	GlobalSection(ExtensibilityGlobals) = postSolution
		SolutionGuid = {4D759128-CDC8-456C-B4B7-77DD9B528654}
	EndGlobalSection
EndGlobal
